
Microsoft Visual Studio Solution File, Format Version 12.00
# Visual Studio Version 16
VisualStudioVersion = 16.0.29230.47
MinimumVisualStudioVersion = 10.0.40219.1
Project("{FAE04EC0-301F-11D3-BF4B-00C04F79EFBC}") = "Environment_RL", "Environment_RL\Environment_RL.csproj", "{FDE41E93-C828-47D3-9966-AF86303D61CB}"
EndProject
Global
	GlobalSection(SolutionConfigurationPlatforms) = preSolution
		Debug|Any CPU = Debug|Any CPU
		Release|Any CPU = Release|Any CPU
	EndGlobalSection
	GlobalSection(ProjectConfigurationPlatforms) = postSolution
		{FDE41E93-C828-47D3-9966-AF86303D61CB}.Debug|Any CPU.ActiveCfg = Debug|Any CPU
		{FDE41E93-C828-47D3-9966-AF86303D61CB}.Debug|Any CPU.Build.0 = Debug|Any CPU
		{FDE41E93-C828-47D3-9966-AF86303D61CB}.Release|Any CPU.ActiveCfg = Release|Any CPU
		{FDE41E93-C828-47D3-9966-AF86303D61CB}.Release|Any CPU.Build.0 = Release|Any CPU
	EndGlobalSection
	GlobalSection(SolutionProperties) = preSolution
		HideSolutionNode = FALSE
	EndGlobalSection
	GlobalSection(ExtensibilityGlobals) = postSolution
		SolutionGuid = {67BFCFC1-1E9F-4001-9070-DD168F87A495}
	EndGlobalSection
EndGlobal
