
Microsoft Visual Studio Solution File, Format Version 12.00
# Visual Studio Version 17
VisualStudioVersion = 17.5.33516.290
MinimumVisualStudioVersion = 10.0.40219.1
Project("{FAE04EC0-301F-11D3-BF4B-00C04F79EFBC}") = "Environment_RL", "Environment_RL\Environment_RL.csproj", "{FDE41E93-C828-47D3-9966-AF86303D61CB}"
EndProject
Project("{FAE04EC0-301F-11D3-BF4B-00C04F79EFBC}") = "EnvLib", "..\EnvLib\EnvLib.csproj", "{BED67E0A-6C65-4C6C-8AC3-4FA7547A8846}"
EndProject
Project("{9A19103F-16F7-4668-BE54-9A1E7A4F7556}") = "AICrossPlatform", "C:\Users\smart digital\Documents\GitHub\AI C#\AIFrameworkOpen\src\AICrossPlatform\AICrossPlatform.csproj", "{BB134F97-E646-4B65-A35E-2F3A7CF27534}"
EndProject
Project("{FAE04EC0-301F-11D3-BF4B-00C04F79EFBC}") = "AIChartCV", "C:\Users\smart digital\Documents\GitHub\AI C#\AIFrameworkOpen\src\AIChartCV\AIChartCV.csproj", "{2ED3435F-F827-41E2-82B4-ED781A16B156}"
EndProject
Global
	GlobalSection(SolutionConfigurationPlatforms) = preSolution
		Debug|Any CPU = Debug|Any CPU
		Release|Any CPU = Release|Any CPU
	EndGlobalSection
	GlobalSection(ProjectConfigurationPlatforms) = postSolution
		{FDE41E93-C828-47D3-9966-AF86303D61CB}.Debug|Any CPU.ActiveCfg = Debug|Any CPU
		{FDE41E93-C828-47D3-9966-AF86303D61CB}.Debug|Any CPU.Build.0 = Debug|Any CPU
		{FDE41E93-C828-47D3-9966-AF86303D61CB}.Release|Any CPU.ActiveCfg = Release|Any CPU
		{FDE41E93-C828-47D3-9966-AF86303D61CB}.Release|Any CPU.Build.0 = Release|Any CPU
		{BED67E0A-6C65-4C6C-8AC3-4FA7547A8846}.Debug|Any CPU.ActiveCfg = Debug|Any CPU
		{BED67E0A-6C65-4C6C-8AC3-4FA7547A8846}.Debug|Any CPU.Build.0 = Debug|Any CPU
		{BED67E0A-6C65-4C6C-8AC3-4FA7547A8846}.Release|Any CPU.ActiveCfg = Release|Any CPU
		{BED67E0A-6C65-4C6C-8AC3-4FA7547A8846}.Release|Any CPU.Build.0 = Release|Any CPU
		{BB134F97-E646-4B65-A35E-2F3A7CF27534}.Debug|Any CPU.ActiveCfg = Debug|Any CPU
		{BB134F97-E646-4B65-A35E-2F3A7CF27534}.Debug|Any CPU.Build.0 = Debug|Any CPU
		{BB134F97-E646-4B65-A35E-2F3A7CF27534}.Release|Any CPU.ActiveCfg = Release|Any CPU
		{BB134F97-E646-4B65-A35E-2F3A7CF27534}.Release|Any CPU.Build.0 = Release|Any CPU
		{2ED3435F-F827-41E2-82B4-ED781A16B156}.Debug|Any CPU.ActiveCfg = Debug|Any CPU
		{2ED3435F-F827-41E2-82B4-ED781A16B156}.Debug|Any CPU.Build.0 = Debug|Any CPU
		{2ED3435F-F827-41E2-82B4-ED781A16B156}.Release|Any CPU.ActiveCfg = Release|Any CPU
		{2ED3435F-F827-41E2-82B4-ED781A16B156}.Release|Any CPU.Build.0 = Release|Any CPU
	EndGlobalSection
	GlobalSection(SolutionProperties) = preSolution
		HideSolutionNode = FALSE
	EndGlobalSection
	GlobalSection(ExtensibilityGlobals) = postSolution
		SolutionGuid = {67BFCFC1-1E9F-4001-9070-DD168F87A495}
	EndGlobalSection
EndGlobal
